// !$*UTF8*$!
{
	archiveVersion = 1;
	classes = {
	};
	objectVersion = 46;
	objects = {

/* Begin PBXBuildFile section */
		2C333CE0FFCD0602C2E9AABB /* libPods-Twittertimer.a in Frameworks */ = {isa = PBXBuildFile; fileRef = FBDF145B466CA727AFAD894D /* libPods-Twittertimer.a */; };
		91868D101E2E0AA3006B5B9D /* TweetsViewController.m in Sources */ = {isa = PBXBuildFile; fileRef = 91868D0F1E2E0AA3006B5B9D /* TweetsViewController.m */; };
		91868D131E2F28F5006B5B9D /* DAButton.m in Sources */ = {isa = PBXBuildFile; fileRef = 91868D121E2F28F5006B5B9D /* DAButton.m */; };
		91868D171E2F2DC2006B5B9D /* DAColors.m in Sources */ = {isa = PBXBuildFile; fileRef = 91868D161E2F2DC2006B5B9D /* DAColors.m */; };
		91F4AFE21E2DD03A0073B92F /* main.m in Sources */ = {isa = PBXBuildFile; fileRef = 91F4AFE11E2DD03A0073B92F /* main.m */; };
		91F4AFE51E2DD03A0073B92F /* AppDelegate.m in Sources */ = {isa = PBXBuildFile; fileRef = 91F4AFE41E2DD03A0073B92F /* AppDelegate.m */; };
		91F4AFE81E2DD03A0073B92F /* ViewController.m in Sources */ = {isa = PBXBuildFile; fileRef = 91F4AFE71E2DD03A0073B92F /* ViewController.m */; };
		91F4AFEB1E2DD03A0073B92F /* Main.storyboard in Resources */ = {isa = PBXBuildFile; fileRef = 91F4AFE91E2DD03A0073B92F /* Main.storyboard */; };
		91F4AFED1E2DD03A0073B92F /* Assets.xcassets in Resources */ = {isa = PBXBuildFile; fileRef = 91F4AFEC1E2DD03A0073B92F /* Assets.xcassets */; };
		91F4AFF01E2DD03A0073B92F /* LaunchScreen.storyboard in Resources */ = {isa = PBXBuildFile; fileRef = 91F4AFEE1E2DD03A0073B92F /* LaunchScreen.storyboard */; };
		91F4AFFA1E2DD0FB0073B92F /* DATimer.m in Sources */ = {isa = PBXBuildFile; fileRef = 91F4AFF91E2DD0FB0073B92F /* DATimer.m */; };
		91F4AFFC1E2DD2130073B92F /* DATimer.xib in Resources */ = {isa = PBXBuildFile; fileRef = 91F4AFFB1E2DD2130073B92F /* DATimer.xib */; };
/* End PBXBuildFile section */

/* Begin PBXFileReference section */
		028CA7D0C25D446ACC23BA42 /* Pods-Twittertimer.release.xcconfig */ = {isa = PBXFileReference; includeInIndex = 1; lastKnownFileType = text.xcconfig; name = "Pods-Twittertimer.release.xcconfig"; path = "Pods/Target Support Files/Pods-Twittertimer/Pods-Twittertimer.release.xcconfig"; sourceTree = "<group>"; };
		0CA2A2830B72647EFC3F481E /* Pods-Twittertimer.debug.xcconfig */ = {isa = PBXFileReference; includeInIndex = 1; lastKnownFileType = text.xcconfig; name = "Pods-Twittertimer.debug.xcconfig"; path = "Pods/Target Support Files/Pods-Twittertimer/Pods-Twittertimer.debug.xcconfig"; sourceTree = "<group>"; };
		91868D0E1E2E0AA3006B5B9D /* TweetsViewController.h */ = {isa = PBXFileReference; fileEncoding = 4; lastKnownFileType = sourcecode.c.h; path = TweetsViewController.h; sourceTree = "<group>"; };
		91868D0F1E2E0AA3006B5B9D /* TweetsViewController.m */ = {isa = PBXFileReference; fileEncoding = 4; lastKnownFileType = sourcecode.c.objc; path = TweetsViewController.m; sourceTree = "<group>"; };
		91868D111E2F28F5006B5B9D /* DAButton.h */ = {isa = PBXFileReference; fileEncoding = 4; lastKnownFileType = sourcecode.c.h; path = DAButton.h; sourceTree = "<group>"; };
		91868D121E2F28F5006B5B9D /* DAButton.m */ = {isa = PBXFileReference; fileEncoding = 4; lastKnownFileType = sourcecode.c.objc; path = DAButton.m; sourceTree = "<group>"; };
		91868D151E2F2DC2006B5B9D /* DAColors.h */ = {isa = PBXFileReference; fileEncoding = 4; lastKnownFileType = sourcecode.c.h; path = DAColors.h; sourceTree = "<group>"; };
		91868D161E2F2DC2006B5B9D /* DAColors.m */ = {isa = PBXFileReference; fileEncoding = 4; lastKnownFileType = sourcecode.c.objc; path = DAColors.m; sourceTree = "<group>"; };
		91F4AFDD1E2DD03A0073B92F /* Twittertimer.app */ = {isa = PBXFileReference; explicitFileType = wrapper.application; includeInIndex = 0; path = Twittertimer.app; sourceTree = BUILT_PRODUCTS_DIR; };
		91F4AFE11E2DD03A0073B92F /* main.m */ = {isa = PBXFileReference; lastKnownFileType = sourcecode.c.objc; path = main.m; sourceTree = "<group>"; };
		91F4AFE31E2DD03A0073B92F /* AppDelegate.h */ = {isa = PBXFileReference; lastKnownFileType = sourcecode.c.h; path = AppDelegate.h; sourceTree = "<group>"; };
		91F4AFE41E2DD03A0073B92F /* AppDelegate.m */ = {isa = PBXFileReference; lastKnownFileType = sourcecode.c.objc; path = AppDelegate.m; sourceTree = "<group>"; };
		91F4AFE61E2DD03A0073B92F /* ViewController.h */ = {isa = PBXFileReference; lastKnownFileType = sourcecode.c.h; path = ViewController.h; sourceTree = "<group>"; };
		91F4AFE71E2DD03A0073B92F /* ViewController.m */ = {isa = PBXFileReference; lastKnownFileType = sourcecode.c.objc; path = ViewController.m; sourceTree = "<group>"; };
		91F4AFEA1E2DD03A0073B92F /* Base */ = {isa = PBXFileReference; lastKnownFileType = file.storyboard; name = Base; path = Base.lproj/Main.storyboard; sourceTree = "<group>"; };
		91F4AFEC1E2DD03A0073B92F /* Assets.xcassets */ = {isa = PBXFileReference; lastKnownFileType = folder.assetcatalog; path = Assets.xcassets; sourceTree = "<group>"; };
		91F4AFEF1E2DD03A0073B92F /* Base */ = {isa = PBXFileReference; lastKnownFileType = file.storyboard; name = Base; path = Base.lproj/LaunchScreen.storyboard; sourceTree = "<group>"; };
		91F4AFF11E2DD03A0073B92F /* Info.plist */ = {isa = PBXFileReference; lastKnownFileType = text.plist.xml; path = Info.plist; sourceTree = "<group>"; };
		91F4AFF81E2DD0FB0073B92F /* DATimer.h */ = {isa = PBXFileReference; fileEncoding = 4; lastKnownFileType = sourcecode.c.h; path = DATimer.h; sourceTree = "<group>"; };
		91F4AFF91E2DD0FB0073B92F /* DATimer.m */ = {isa = PBXFileReference; fileEncoding = 4; lastKnownFileType = sourcecode.c.objc; path = DATimer.m; sourceTree = "<group>"; };
		91F4AFFB1E2DD2130073B92F /* DATimer.xib */ = {isa = PBXFileReference; fileEncoding = 4; lastKnownFileType = file.xib; path = DATimer.xib; sourceTree = "<group>"; };
		FBDF145B466CA727AFAD894D /* libPods-Twittertimer.a */ = {isa = PBXFileReference; explicitFileType = archive.ar; includeInIndex = 0; path = "libPods-Twittertimer.a"; sourceTree = BUILT_PRODUCTS_DIR; };
/* End PBXFileReference section */

/* Begin PBXFrameworksBuildPhase section */
		91F4AFDA1E2DD03A0073B92F /* Frameworks */ = {
			isa = PBXFrameworksBuildPhase;
			buildActionMask = 2147483647;
			files = (
				2C333CE0FFCD0602C2E9AABB /* libPods-Twittertimer.a in Frameworks */,
			);
			runOnlyForDeploymentPostprocessing = 0;
		};
/* End PBXFrameworksBuildPhase section */

/* Begin PBXGroup section */
		91868D141E2F2DA7006B5B9D /* Objects */ = {
			isa = PBXGroup;
			children = (
				91868D151E2F2DC2006B5B9D /* DAColors.h */,
				91868D161E2F2DC2006B5B9D /* DAColors.m */,
			);
			name = Objects;
			sourceTree = "<group>";
		};
		91F4AFD41E2DD03A0073B92F = {
			isa = PBXGroup;
			children = (
				91F4AFDF1E2DD03A0073B92F /* Twittertimer */,
				91F4AFDE1E2DD03A0073B92F /* Products */,
				E37A472620C63C06700CFC8A /* Pods */,
				AD1BBB0948211BFD863AD742 /* Frameworks */,
			);
			sourceTree = "<group>";
		};
		91F4AFDE1E2DD03A0073B92F /* Products */ = {
			isa = PBXGroup;
			children = (
				91F4AFDD1E2DD03A0073B92F /* Twittertimer.app */,
			);
			name = Products;
			sourceTree = "<group>";
		};
		91F4AFDF1E2DD03A0073B92F /* Twittertimer */ = {
			isa = PBXGroup;
			children = (
				91868D141E2F2DA7006B5B9D /* Objects */,
				91F4AFF71E2DD0D50073B92F /* Views */,
				91F4AFE31E2DD03A0073B92F /* AppDelegate.h */,
				91F4AFE41E2DD03A0073B92F /* AppDelegate.m */,
				91F4AFE61E2DD03A0073B92F /* ViewController.h */,
				91F4AFE71E2DD03A0073B92F /* ViewController.m */,
				91868D0E1E2E0AA3006B5B9D /* TweetsViewController.h */,
				91868D0F1E2E0AA3006B5B9D /* TweetsViewController.m */,
				91F4AFE91E2DD03A0073B92F /* Main.storyboard */,
				91F4AFEC1E2DD03A0073B92F /* Assets.xcassets */,
				91F4AFEE1E2DD03A0073B92F /* LaunchScreen.storyboard */,
				91F4AFF11E2DD03A0073B92F /* Info.plist */,
				91F4AFE01E2DD03A0073B92F /* Supporting Files */,
			);
			path = Twittertimer;
			sourceTree = "<group>";
		};
		91F4AFE01E2DD03A0073B92F /* Supporting Files */ = {
			isa = PBXGroup;
			children = (
				91F4AFE11E2DD03A0073B92F /* main.m */,
			);
			name = "Supporting Files";
			sourceTree = "<group>";
		};
		91F4AFF71E2DD0D50073B92F /* Views */ = {
			isa = PBXGroup;
			children = (
				91F4AFF81E2DD0FB0073B92F /* DATimer.h */,
				91F4AFF91E2DD0FB0073B92F /* DATimer.m */,
				91F4AFFB1E2DD2130073B92F /* DATimer.xib */,
				91868D111E2F28F5006B5B9D /* DAButton.h */,
				91868D121E2F28F5006B5B9D /* DAButton.m */,
			);
			name = Views;
			sourceTree = "<group>";
		};
		AD1BBB0948211BFD863AD742 /* Frameworks */ = {
			isa = PBXGroup;
			children = (
				FBDF145B466CA727AFAD894D /* libPods-Twittertimer.a */,
			);
			name = Frameworks;
			sourceTree = "<group>";
		};
		E37A472620C63C06700CFC8A /* Pods */ = {
			isa = PBXGroup;
			children = (
				0CA2A2830B72647EFC3F481E /* Pods-Twittertimer.debug.xcconfig */,
				028CA7D0C25D446ACC23BA42 /* Pods-Twittertimer.release.xcconfig */,
			);
			name = Pods;
			sourceTree = "<group>";
		};
/* End PBXGroup section */

/* Begin PBXNativeTarget section */
		91F4AFDC1E2DD03A0073B92F /* Twittertimer */ = {
			isa = PBXNativeTarget;
			buildConfigurationList = 91F4AFF41E2DD03A0073B92F /* Build configuration list for PBXNativeTarget "Twittertimer" */;
			buildPhases = (
				8396CA71203D44504E1A9DD4 /* [CP] Check Pods Manifest.lock */,
				91F4AFD91E2DD03A0073B92F /* Sources */,
				91F4AFDA1E2DD03A0073B92F /* Frameworks */,
				91F4AFDB1E2DD03A0073B92F /* Resources */,
				8E4D4A146CA70277432A8BF5 /* [CP] Embed Pods Frameworks */,
				7253CABCE987FDA7806B7C3E /* [CP] Copy Pods Resources */,
				91A3FB681E2E051A00BF4184 /* ShellScript */,
			);
			buildRules = (
			);
			dependencies = (
			);
			name = Twittertimer;
			productName = Twittertimer;
			productReference = 91F4AFDD1E2DD03A0073B92F /* Twittertimer.app */;
			productType = "com.apple.product-type.application";
		};
/* End PBXNativeTarget section */

/* Begin PBXProject section */
		91F4AFD51E2DD03A0073B92F /* Project object */ = {
			isa = PBXProject;
			attributes = {
				LastUpgradeCheck = 0820;
				ORGANIZATIONNAME = "Digital Arsenal";
				TargetAttributes = {
					91F4AFDC1E2DD03A0073B92F = {
						CreatedOnToolsVersion = 8.2;
						DevelopmentTeam = 6883GS59DP;
						ProvisioningStyle = Automatic;
					};
				};
			};
			buildConfigurationList = 91F4AFD81E2DD03A0073B92F /* Build configuration list for PBXProject "Twittertimer" */;
			compatibilityVersion = "Xcode 3.2";
			developmentRegion = English;
			hasScannedForEncodings = 0;
			knownRegions = (
				en,
				Base,
			);
			mainGroup = 91F4AFD41E2DD03A0073B92F;
			productRefGroup = 91F4AFDE1E2DD03A0073B92F /* Products */;
			projectDirPath = "";
			projectRoot = "";
			targets = (
				91F4AFDC1E2DD03A0073B92F /* Twittertimer */,
			);
		};
/* End PBXProject section */

/* Begin PBXResourcesBuildPhase section */
		91F4AFDB1E2DD03A0073B92F /* Resources */ = {
			isa = PBXResourcesBuildPhase;
			buildActionMask = 2147483647;
			files = (
				91F4AFF01E2DD03A0073B92F /* LaunchScreen.storyboard in Resources */,
				91F4AFED1E2DD03A0073B92F /* Assets.xcassets in Resources */,
				91F4AFFC1E2DD2130073B92F /* DATimer.xib in Resources */,
				91F4AFEB1E2DD03A0073B92F /* Main.storyboard in Resources */,
			);
			runOnlyForDeploymentPostprocessing = 0;
		};
/* End PBXResourcesBuildPhase section */

/* Begin PBXShellScriptBuildPhase section */
		7253CABCE987FDA7806B7C3E /* [CP] Copy Pods Resources */ = {
			isa = PBXShellScriptBuildPhase;
			buildActionMask = 2147483647;
			files = (
			);
			inputPaths = (
			);
			name = "[CP] Copy Pods Resources";
			outputPaths = (
			);
			runOnlyForDeploymentPostprocessing = 0;
			shellPath = /bin/sh;
			shellScript = "\"${SRCROOT}/Pods/Target Support Files/Pods-Twittertimer/Pods-Twittertimer-resources.sh\"\n";
			showEnvVarsInLog = 0;
		};
		8396CA71203D44504E1A9DD4 /* [CP] Check Pods Manifest.lock */ = {
			isa = PBXShellScriptBuildPhase;
			buildActionMask = 2147483647;
			files = (
			);
			inputPaths = (
			);
			name = "[CP] Check Pods Manifest.lock";
			outputPaths = (
			);
			runOnlyForDeploymentPostprocessing = 0;
			shellPath = /bin/sh;
			shellScript = "diff \"${PODS_ROOT}/../Podfile.lock\" \"${PODS_ROOT}/Manifest.lock\" > /dev/null\nif [ $? != 0 ] ; then\n    # print error to STDERR\n    echo \"error: The sandbox is not in sync with the Podfile.lock. Run 'pod install' or update your CocoaPods installation.\" >&2\n    exit 1\nfi\n";
			showEnvVarsInLog = 0;
		};
		8E4D4A146CA70277432A8BF5 /* [CP] Embed Pods Frameworks */ = {
			isa = PBXShellScriptBuildPhase;
			buildActionMask = 2147483647;
			files = (
			);
			inputPaths = (
			);
			name = "[CP] Embed Pods Frameworks";
			outputPaths = (
			);
			runOnlyForDeploymentPostprocessing = 0;
			shellPath = /bin/sh;
			shellScript = "\"${SRCROOT}/Pods/Target Support Files/Pods-Twittertimer/Pods-Twittertimer-frameworks.sh\"\n";
			showEnvVarsInLog = 0;
		};
		91A3FB681E2E051A00BF4184 /* ShellScript */ = {
			isa = PBXShellScriptBuildPhase;
			buildActionMask = 2147483647;
			files = (
			);
			inputPaths = (
			);
			outputPaths = (
			);
			runOnlyForDeploymentPostprocessing = 0;
			shellPath = /bin/sh;
			shellScript = "\"${PODS_ROOT}/Fabric/run\" 5b45debbd9a842468c85460dcf06ab907aa0cae9 5983b3c3b6cc1bdaf4dc1c64be96856ac7d8a73999669f1bc678701d9857a848";
		};
/* End PBXShellScriptBuildPhase section */

/* Begin PBXSourcesBuildPhase section */
		91F4AFD91E2DD03A0073B92F /* Sources */ = {
			isa = PBXSourcesBuildPhase;
			buildActionMask = 2147483647;
			files = (
				91868D171E2F2DC2006B5B9D /* DAColors.m in Sources */,
				91F4AFE81E2DD03A0073B92F /* ViewController.m in Sources */,
				91868D101E2E0AA3006B5B9D /* TweetsViewController.m in Sources */,
				91F4AFE51E2DD03A0073B92F /* AppDelegate.m in Sources */,
				91F4AFE21E2DD03A0073B92F /* main.m in Sources */,
				91868D131E2F28F5006B5B9D /* DAButton.m in Sources */,
				91F4AFFA1E2DD0FB0073B92F /* DATimer.m in Sources */,
			);
			runOnlyForDeploymentPostprocessing = 0;
		};
/* End PBXSourcesBuildPhase section */

/* Begin PBXVariantGroup section */
		91F4AFE91E2DD03A0073B92F /* Main.storyboard */ = {
			isa = PBXVariantGroup;
			children = (
				91F4AFEA1E2DD03A0073B92F /* Base */,
			);
			name = Main.storyboard;
			sourceTree = "<group>";
		};
		91F4AFEE1E2DD03A0073B92F /* LaunchScreen.storyboard */ = {
			isa = PBXVariantGroup;
			children = (
				91F4AFEF1E2DD03A0073B92F /* Base */,
			);
			name = LaunchScreen.storyboard;
			sourceTree = "<group>";
		};
/* End PBXVariantGroup section */

/* Begin XCBuildConfiguration section */
		91F4AFF21E2DD03A0073B92F /* Debug */ = {
			isa = XCBuildConfiguration;
			buildSettings = {
				ALWAYS_SEARCH_USER_PATHS = NO;
				CLANG_ANALYZER_NONNULL = YES;
				CLANG_CXX_LANGUAGE_STANDARD = "gnu++0x";
				CLANG_CXX_LIBRARY = "libc++";
				CLANG_ENABLE_MODULES = YES;
				CLANG_ENABLE_OBJC_ARC = YES;
				CLANG_WARN_BOOL_CONVERSION = YES;
				CLANG_WARN_CONSTANT_CONVERSION = YES;
				CLANG_WARN_DIRECT_OBJC_ISA_USAGE = YES_ERROR;
				CLANG_WARN_DOCUMENTATION_COMMENTS = YES;
				CLANG_WARN_EMPTY_BODY = YES;
				CLANG_WARN_ENUM_CONVERSION = YES;
				CLANG_WARN_INFINITE_RECURSION = YES;
				CLANG_WARN_INT_CONVERSION = YES;
				CLANG_WARN_OBJC_ROOT_CLASS = YES_ERROR;
				CLANG_WARN_SUSPICIOUS_MOVE = YES;
				CLANG_WARN_UNREACHABLE_CODE = YES;
				CLANG_WARN__DUPLICATE_METHOD_MATCH = YES;
				"CODE_SIGN_IDENTITY[sdk=iphoneos*]" = "iPhone Developer";
				COPY_PHASE_STRIP = NO;
				DEBUG_INFORMATION_FORMAT = dwarf;
				ENABLE_STRICT_OBJC_MSGSEND = YES;
				ENABLE_TESTABILITY = YES;
				GCC_C_LANGUAGE_STANDARD = gnu99;
				GCC_DYNAMIC_NO_PIC = NO;
				GCC_NO_COMMON_BLOCKS = YES;
				GCC_OPTIMIZATION_LEVEL = 0;
				GCC_PREPROCESSOR_DEFINITIONS = (
					"DEBUG=1",
					"$(inherited)",
				);
				GCC_WARN_64_TO_32_BIT_CONVERSION = YES;
				GCC_WARN_ABOUT_RETURN_TYPE = YES_ERROR;
				GCC_WARN_UNDECLARED_SELECTOR = YES;
				GCC_WARN_UNINITIALIZED_AUTOS = YES_AGGRESSIVE;
				GCC_WARN_UNUSED_FUNCTION = YES;
				GCC_WARN_UNUSED_VARIABLE = YES;
				IPHONEOS_DEPLOYMENT_TARGET = 10.2;
				MTL_ENABLE_DEBUG_INFO = YES;
				ONLY_ACTIVE_ARCH = YES;
				SDKROOT = iphoneos;
				TARGETED_DEVICE_FAMILY = "1,2";
			};
			name = Debug;
		};
		91F4AFF31E2DD03A0073B92F /* Release */ = {
			isa = XCBuildConfiguration;
			buildSettings = {
				ALWAYS_SEARCH_USER_PATHS = NO;
				CLANG_ANALYZER_NONNULL = YES;
				CLANG_CXX_LANGUAGE_STANDARD = "gnu++0x";
				CLANG_CXX_LIBRARY = "libc++";
				CLANG_ENABLE_MODULES = YES;
				CLANG_ENABLE_OBJC_ARC = YES;
				CLANG_WARN_BOOL_CONVERSION = YES;
				CLANG_WARN_CONSTANT_CONVERSION = YES;
				CLANG_WARN_DIRECT_OBJC_ISA_USAGE = YES_ERROR;
				CLANG_WARN_DOCUMENTATION_COMMENTS = YES;
				CLANG_WARN_EMPTY_BODY = YES;
				CLANG_WARN_ENUM_CONVERSION = YES;
				CLANG_WARN_INFINITE_RECURSION = YES;
				CLANG_WARN_INT_CONVERSION = YES;
				CLANG_WARN_OBJC_ROOT_CLASS = YES_ERROR;
				CLANG_WARN_SUSPICIOUS_MOVE = YES;
				CLANG_WARN_UNREACHABLE_CODE = YES;
				CLANG_WARN__DUPLICATE_METHOD_MATCH = YES;
				"CODE_SIGN_IDENTITY[sdk=iphoneos*]" = "iPhone Developer";
				COPY_PHASE_STRIP = NO;
				DEBUG_INFORMATION_FORMAT = "dwarf-with-dsym";
				ENABLE_NS_ASSERTIONS = NO;
				ENABLE_STRICT_OBJC_MSGSEND = YES;
				GCC_C_LANGUAGE_STANDARD = gnu99;
				GCC_NO_COMMON_BLOCKS = YES;
				GCC_WARN_64_TO_32_BIT_CONVERSION = YES;
				GCC_WARN_ABOUT_RETURN_TYPE = YES_ERROR;
				GCC_WARN_UNDECLARED_SELECTOR = YES;
				GCC_WARN_UNINITIALIZED_AUTOS = YES_AGGRESSIVE;
				GCC_WARN_UNUSED_FUNCTION = YES;
				GCC_WARN_UNUSED_VARIABLE = YES;
				IPHONEOS_DEPLOYMENT_TARGET = 10.2;
				MTL_ENABLE_DEBUG_INFO = NO;
				SDKROOT = iphoneos;
				TARGETED_DEVICE_FAMILY = "1,2";
				VALIDATE_PRODUCT = YES;
			};
			name = Release;
		};
		91F4AFF51E2DD03A0073B92F /* Debug */ = {
			isa = XCBuildConfiguration;
			baseConfigurationReference = 0CA2A2830B72647EFC3F481E /* Pods-Twittertimer.debug.xcconfig */;
			buildSettings = {
				ASSETCATALOG_COMPILER_APPICON_NAME = AppIcon;
				DEVELOPMENT_TEAM = 6883GS59DP;
				INFOPLIST_FILE = Twittertimer/Info.plist;
				LD_RUNPATH_SEARCH_PATHS = "$(inherited) @executable_path/Frameworks";
				PRODUCT_BUNDLE_IDENTIFIER = com.digitalarsenal;
				PRODUCT_NAME = "$(TARGET_NAME)";
			};
			name = Debug;
		};
		91F4AFF61E2DD03A0073B92F /* Release */ = {
			isa = XCBuildConfiguration;
			baseConfigurationReference = 028CA7D0C25D446ACC23BA42 /* Pods-Twittertimer.release.xcconfig */;
			buildSettings = {
				ASSETCATALOG_COMPILER_APPICON_NAME = AppIcon;
				DEVELOPMENT_TEAM = 6883GS59DP;
				INFOPLIST_FILE = Twittertimer/Info.plist;
				LD_RUNPATH_SEARCH_PATHS = "$(inherited) @executable_path/Frameworks";
				PRODUCT_BUNDLE_IDENTIFIER = com.digitalarsenal;
				PRODUCT_NAME = "$(TARGET_NAME)";
			};
			name = Release;
		};
/* End XCBuildConfiguration section */

/* Begin XCConfigurationList section */
		91F4AFD81E2DD03A0073B92F /* Build configuration list for PBXProject "Twittertimer" */ = {
			isa = XCConfigurationList;
			buildConfigurations = (
				91F4AFF21E2DD03A0073B92F /* Debug */,
				91F4AFF31E2DD03A0073B92F /* Release */,
			);
			defaultConfigurationIsVisible = 0;
			defaultConfigurationName = Release;
		};
		91F4AFF41E2DD03A0073B92F /* Build configuration list for PBXNativeTarget "Twittertimer" */ = {
			isa = XCConfigurationList;
			buildConfigurations = (
				91F4AFF51E2DD03A0073B92F /* Debug */,
				91F4AFF61E2DD03A0073B92F /* Release */,
			);
			defaultConfigurationIsVisible = 0;
			defaultConfigurationName = Release;
		};
/* End XCConfigurationList section */
	};
	rootObject = 91F4AFD51E2DD03A0073B92F /* Project object */;
}
